
Microsoft Visual Studio Solution File, Format Version 11.00
# Visual Studio 2010
Project("{FAE04EC0-301F-11D3-BF4B-00C04F79EFBC}") = "DOB_WinForms", "BCA_5th_Semester_WinForms\DOB_WinForms.csproj", "{5308307F-472A-40E9-92AA-898947439399}"
EndProject
Project("{54435603-DBB4-11D2-8724-00A0C9A8B90C}") = "SetupFile", "SetupFile\SetupFile.vdproj", "{A9B66BEF-F721-439B-A6D7-456F0165A6B6}"
EndProject
Global
	GlobalSection(SolutionConfigurationPlatforms) = preSolution
		Debug|x86 = Debug|x86
		Release|x86 = Release|x86
	EndGlobalSection
	GlobalSection(ProjectConfigurationPlatforms) = postSolution
		{5308307F-472A-40E9-92AA-898947439399}.Debug|x86.ActiveCfg = Debug|x86
		{5308307F-472A-40E9-92AA-898947439399}.Debug|x86.Build.0 = Debug|x86
		{5308307F-472A-40E9-92AA-898947439399}.Release|x86.ActiveCfg = Release|x86
		{5308307F-472A-40E9-92AA-898947439399}.Release|x86.Build.0 = Release|x86
		{A9B66BEF-F721-439B-A6D7-456F0165A6B6}.Debug|x86.ActiveCfg = Debug
		{A9B66BEF-F721-439B-A6D7-456F0165A6B6}.Release|x86.ActiveCfg = Release
	EndGlobalSection
	GlobalSection(SolutionProperties) = preSolution
		HideSolutionNode = FALSE
	EndGlobalSection
EndGlobal
