Microsoft Visual Studio Solution File, Format Version 8.00
Project("{FAE04EC0-301F-11D3-BF4B-00C04F79EFBC}") = "Aplicatie", "Aplicatie.csproj", "{62683E6B-CB78-4D8B-8D82-1803DB1F389A}"
	ProjectSection(ProjectDependencies) = postProject
	EndProjectSection
EndProject
Global
	GlobalSection(SolutionConfiguration) = preSolution
		Debug = Debug
		Release = Release
	EndGlobalSection
	GlobalSection(ProjectConfiguration) = postSolution
		{62683E6B-CB78-4D8B-8D82-1803DB1F389A}.Debug.ActiveCfg = Debug|.NET
		{62683E6B-CB78-4D8B-8D82-1803DB1F389A}.Debug.Build.0 = Debug|.NET
		{62683E6B-CB78-4D8B-8D82-1803DB1F389A}.Release.ActiveCfg = Release|.NET
		{62683E6B-CB78-4D8B-8D82-1803DB1F389A}.Release.Build.0 = Release|.NET
	EndGlobalSection
	GlobalSection(ExtensibilityGlobals) = postSolution
	EndGlobalSection
	GlobalSection(ExtensibilityAddIns) = postSolution
	EndGlobalSection
EndGlobal
